
Microsoft Visual Studio Solution File, Format Version 12.00
# Visual Studio Version 17
VisualStudioVersion = 17.4.33205.214
MinimumVisualStudioVersion = 10.0.40219.1
Project("{9A19103F-16F7-4668-BE54-9A1E7A4F7556}") = "Calculator", "Calculator\Calculator.csproj", "{EC6FEC6D-3364-4706-8055-DA444A31F496}"
EndProject
Project("{FAE04EC0-301F-11D3-BF4B-00C04F79EFBC}") = "CalculatorUnitTest", "CalculatorUnitTest\CalculatorUnitTest.csproj", "{939574D0-A80F-4BD9-85A2-B931AE1B23C7}"
EndProject
Global
	GlobalSection(SolutionConfigurationPlatforms) = preSolution
		Debug|Any CPU = Debug|Any CPU
		Release|Any CPU = Release|Any CPU
	EndGlobalSection
	GlobalSection(ProjectConfigurationPlatforms) = postSolution
		{EC6FEC6D-3364-4706-8055-DA444A31F496}.Debug|Any CPU.ActiveCfg = Debug|Any CPU
		{EC6FEC6D-3364-4706-8055-DA444A31F496}.Debug|Any CPU.Build.0 = Debug|Any CPU
		{EC6FEC6D-3364-4706-8055-DA444A31F496}.Release|Any CPU.ActiveCfg = Release|Any CPU
		{EC6FEC6D-3364-4706-8055-DA444A31F496}.Release|Any CPU.Build.0 = Release|Any CPU
		{939574D0-A80F-4BD9-85A2-B931AE1B23C7}.Debug|Any CPU.ActiveCfg = Debug|Any CPU
		{939574D0-A80F-4BD9-85A2-B931AE1B23C7}.Debug|Any CPU.Build.0 = Debug|Any CPU
		{939574D0-A80F-4BD9-85A2-B931AE1B23C7}.Release|Any CPU.ActiveCfg = Release|Any CPU
		{939574D0-A80F-4BD9-85A2-B931AE1B23C7}.Release|Any CPU.Build.0 = Release|Any CPU
	EndGlobalSection
	GlobalSection(SolutionProperties) = preSolution
		HideSolutionNode = FALSE
	EndGlobalSection
	GlobalSection(ExtensibilityGlobals) = postSolution
		SolutionGuid = {083CBA5C-9D8B-47A8-984C-6550FEC4BCF8}
	EndGlobalSection
EndGlobal
